
Microsoft Visual Studio Solution File, Format Version 12.00
# Visual Studio Version 17
VisualStudioVersion = 17.5.002.0
MinimumVisualStudioVersion = 10.0.40219.1
Project("{9A19103F-16F7-4668-BE54-9A1E7A4F7556}") = "SubmissionChecker", "SubmissionChecker.csproj", "{E298F484-275D-4FA0-B14A-434757517E5E}"
EndProject
Global
	GlobalSection(SolutionConfigurationPlatforms) = preSolution
		Debug|Any CPU = Debug|Any CPU
		Release|Any CPU = Release|Any CPU
	EndGlobalSection
	GlobalSection(ProjectConfigurationPlatforms) = postSolution
		{E298F484-275D-4FA0-B14A-434757517E5E}.Debug|Any CPU.ActiveCfg = Debug|Any CPU
		{E298F484-275D-4FA0-B14A-434757517E5E}.Debug|Any CPU.Build.0 = Debug|Any CPU
		{E298F484-275D-4FA0-B14A-434757517E5E}.Release|Any CPU.ActiveCfg = Release|Any CPU
		{E298F484-275D-4FA0-B14A-434757517E5E}.Release|Any CPU.Build.0 = Release|Any CPU
	EndGlobalSection
	GlobalSection(SolutionProperties) = preSolution
		HideSolutionNode = FALSE
	EndGlobalSection
	GlobalSection(ExtensibilityGlobals) = postSolution
		SolutionGuid = {4AFEFDC6-6597-4F97-B193-78DB2FD737A0}
	EndGlobalSection
EndGlobal
